
Microsoft Visual Studio Solution File, Format Version 12.00
# Visual Studio Version 17
VisualStudioVersion = 17.5.33424.131
MinimumVisualStudioVersion = 10.0.40219.1
Project("{FAE04EC0-301F-11D3-BF4B-00C04F79EFBC}") = "server", "server.csproj", "{D44DEF0F-7FA6-493D-BF41-5B1D3B9478BF}"
EndProject
Global
	GlobalSection(SolutionConfigurationPlatforms) = preSolution
		Debug|Any CPU = Debug|Any CPU
		Release|Any CPU = Release|Any CPU
	EndGlobalSection
	GlobalSection(ProjectConfigurationPlatforms) = postSolution
		{D44DEF0F-7FA6-493D-BF41-5B1D3B9478BF}.Debug|Any CPU.ActiveCfg = Debug|Any CPU
		{D44DEF0F-7FA6-493D-BF41-5B1D3B9478BF}.Debug|Any CPU.Build.0 = Debug|Any CPU
		{D44DEF0F-7FA6-493D-BF41-5B1D3B9478BF}.Release|Any CPU.ActiveCfg = Release|Any CPU
		{D44DEF0F-7FA6-493D-BF41-5B1D3B9478BF}.Release|Any CPU.Build.0 = Release|Any CPU
	EndGlobalSection
	GlobalSection(SolutionProperties) = preSolution
		HideSolutionNode = FALSE
	EndGlobalSection
	GlobalSection(ExtensibilityGlobals) = postSolution
		SolutionGuid = {A803262D-240C-4E4B-AEBD-65C9CF540A4C}
	EndGlobalSection
EndGlobal
